
Microsoft Visual Studio Solution File, Format Version 12.00
# Visual Studio 15
VisualStudioVersion = 15.0.27130.2003
MinimumVisualStudioVersion = 10.0.40219.1
Project("{FAE04EC0-301F-11D3-BF4B-00C04F79EFBC}") = "DataObjectNotation", "DataObjectNotation\DataObjectNotation.csproj", "{247F8505-407D-410B-A7E8-BD0D33DFE418}"
EndProject
Project("{FAE04EC0-301F-11D3-BF4B-00C04F79EFBC}") = "UnitTest", "UnitTest\UnitTest.csproj", "{7A456B7B-015A-4ED6-AD70-15231A632DF4}"
EndProject
Global
	GlobalSection(SolutionConfigurationPlatforms) = preSolution
		Debug|Any CPU = Debug|Any CPU
		Release|Any CPU = Release|Any CPU
	EndGlobalSection
	GlobalSection(ProjectConfigurationPlatforms) = postSolution
		{247F8505-407D-410B-A7E8-BD0D33DFE418}.Debug|Any CPU.ActiveCfg = Debug|Any CPU
		{247F8505-407D-410B-A7E8-BD0D33DFE418}.Debug|Any CPU.Build.0 = Debug|Any CPU
		{247F8505-407D-410B-A7E8-BD0D33DFE418}.Release|Any CPU.ActiveCfg = Release|Any CPU
		{247F8505-407D-410B-A7E8-BD0D33DFE418}.Release|Any CPU.Build.0 = Release|Any CPU
		{7A456B7B-015A-4ED6-AD70-15231A632DF4}.Debug|Any CPU.ActiveCfg = Debug|Any CPU
		{7A456B7B-015A-4ED6-AD70-15231A632DF4}.Debug|Any CPU.Build.0 = Debug|Any CPU
		{7A456B7B-015A-4ED6-AD70-15231A632DF4}.Release|Any CPU.ActiveCfg = Release|Any CPU
		{7A456B7B-015A-4ED6-AD70-15231A632DF4}.Release|Any CPU.Build.0 = Release|Any CPU
	EndGlobalSection
	GlobalSection(SolutionProperties) = preSolution
		HideSolutionNode = FALSE
	EndGlobalSection
	GlobalSection(ExtensibilityGlobals) = postSolution
		SolutionGuid = {54F0E530-D7A7-4165-9A91-49F4A9D001DA}
	EndGlobalSection
EndGlobal
